// !$*UTF8*$!
{
	archiveVersion = 1;
	classes = {
	};
	objectVersion = 50;
	objects = {

/* Begin PBXBuildFile section */
		FA24C5EA241C631600C86FBC /* AppDelegate.swift in Sources */ = {isa = PBXBuildFile; fileRef = FA24C5E9241C631600C86FBC /* AppDelegate.swift */; };
		FA24C5EC241C631600C86FBC /* SceneDelegate.swift in Sources */ = {isa = PBXBuildFile; fileRef = FA24C5EB241C631600C86FBC /* SceneDelegate.swift */; };
		FA24C5EE241C631600C86FBC /* ViewController.swift in Sources */ = {isa = PBXBuildFile; fileRef = FA24C5ED241C631600C86FBC /* ViewController.swift */; };
		FA24C5F1241C631600C86FBC /* Main.storyboard in Resources */ = {isa = PBXBuildFile; fileRef = FA24C5EF241C631600C86FBC /* Main.storyboard */; };
		FA24C5F3241C631800C86FBC /* Assets.xcassets in Resources */ = {isa = PBXBuildFile; fileRef = FA24C5F2241C631800C86FBC /* Assets.xcassets */; };
		FA24C5F6241C631800C86FBC /* LaunchScreen.storyboard in Resources */ = {isa = PBXBuildFile; fileRef = FA24C5F4241C631800C86FBC /* LaunchScreen.storyboard */; };
		FA24C5FE241C67CD00C86FBC /* Inceptionv3.mlmodel in Sources */ = {isa = PBXBuildFile; fileRef = FA24C5FD241C67CD00C86FBC /* Inceptionv3.mlmodel */; };
/* End PBXBuildFile section */

/* Begin PBXFileReference section */
		FA24C5E6241C631600C86FBC /* ImageDetectionCoreMLLiveStream.app */ = {isa = PBXFileReference; explicitFileType = wrapper.application; includeInIndex = 0; path = ImageDetectionCoreMLLiveStream.app; sourceTree = BUILT_PRODUCTS_DIR; };
		FA24C5E9241C631600C86FBC /* AppDelegate.swift */ = {isa = PBXFileReference; lastKnownFileType = sourcecode.swift; path = AppDelegate.swift; sourceTree = "<group>"; };
		FA24C5EB241C631600C86FBC /* SceneDelegate.swift */ = {isa = PBXFileReference; lastKnownFileType = sourcecode.swift; path = SceneDelegate.swift; sourceTree = "<group>"; };
		FA24C5ED241C631600C86FBC /* ViewController.swift */ = {isa = PBXFileReference; lastKnownFileType = sourcecode.swift; path = ViewController.swift; sourceTree = "<group>"; };
		FA24C5F0241C631600C86FBC /* Base */ = {isa = PBXFileReference; lastKnownFileType = file.storyboard; name = Base; path = Base.lproj/Main.storyboard; sourceTree = "<group>"; };
		FA24C5F2241C631800C86FBC /* Assets.xcassets */ = {isa = PBXFileReference; lastKnownFileType = folder.assetcatalog; path = Assets.xcassets; sourceTree = "<group>"; };
		FA24C5F5241C631800C86FBC /* Base */ = {isa = PBXFileReference; lastKnownFileType = file.storyboard; name = Base; path = Base.lproj/LaunchScreen.storyboard; sourceTree = "<group>"; };
		FA24C5F7241C631800C86FBC /* Info.plist */ = {isa = PBXFileReference; lastKnownFileType = text.plist.xml; path = Info.plist; sourceTree = "<group>"; };
		FA24C5FD241C67CD00C86FBC /* Inceptionv3.mlmodel */ = {isa = PBXFileReference; lastKnownFileType = file.mlmodel; path = Inceptionv3.mlmodel; sourceTree = "<group>"; };
/* End PBXFileReference section */

/* Begin PBXFrameworksBuildPhase section */
		FA24C5E3241C631600C86FBC /* Frameworks */ = {
			isa = PBXFrameworksBuildPhase;
			buildActionMask = 2147483647;
			files = (
			);
			runOnlyForDeploymentPostprocessing = 0;
		};
/* End PBXFrameworksBuildPhase section */

/* Begin PBXGroup section */
		FA24C5DD241C631600C86FBC = {
			isa = PBXGroup;
			children = (
				FA24C5E8241C631600C86FBC /* ImageDetectionCoreMLLiveStream */,
				FA24C5E7241C631600C86FBC /* Products */,
			);
			sourceTree = "<group>";
		};
		FA24C5E7241C631600C86FBC /* Products */ = {
			isa = PBXGroup;
			children = (
				FA24C5E6241C631600C86FBC /* ImageDetectionCoreMLLiveStream.app */,
			);
			name = Products;
			sourceTree = "<group>";
		};
		FA24C5E8241C631600C86FBC /* ImageDetectionCoreMLLiveStream */ = {
			isa = PBXGroup;
			children = (
				FA24C5FD241C67CD00C86FBC /* Inceptionv3.mlmodel */,
				FA24C5E9241C631600C86FBC /* AppDelegate.swift */,
				FA24C5EB241C631600C86FBC /* SceneDelegate.swift */,
				FA24C5ED241C631600C86FBC /* ViewController.swift */,
				FA24C5EF241C631600C86FBC /* Main.storyboard */,
				FA24C5F2241C631800C86FBC /* Assets.xcassets */,
				FA24C5F4241C631800C86FBC /* LaunchScreen.storyboard */,
				FA24C5F7241C631800C86FBC /* Info.plist */,
			);
			path = ImageDetectionCoreMLLiveStream;
			sourceTree = "<group>";
		};
/* End PBXGroup section */

/* Begin PBXNativeTarget section */
		FA24C5E5241C631600C86FBC /* ImageDetectionCoreMLLiveStream */ = {
			isa = PBXNativeTarget;
			buildConfigurationList = FA24C5FA241C631800C86FBC /* Build configuration list for PBXNativeTarget "ImageDetectionCoreMLLiveStream" */;
			buildPhases = (
				FA24C5E2241C631600C86FBC /* Sources */,
				FA24C5E3241C631600C86FBC /* Frameworks */,
				FA24C5E4241C631600C86FBC /* Resources */,
			);
			buildRules = (
			);
			dependencies = (
			);
			name = ImageDetectionCoreMLLiveStream;
			productName = ImageDetectionCoreMLLiveStream;
			productReference = FA24C5E6241C631600C86FBC /* ImageDetectionCoreMLLiveStream.app */;
			productType = "com.apple.product-type.application";
		};
/* End PBXNativeTarget section */

/* Begin PBXProject section */
		FA24C5DE241C631600C86FBC /* Project object */ = {
			isa = PBXProject;
			attributes = {
				LastSwiftUpdateCheck = 1130;
				LastUpgradeCheck = 1130;
				ORGANIZATIONNAME = "Konrad Gnat";
				TargetAttributes = {
					FA24C5E5241C631600C86FBC = {
						CreatedOnToolsVersion = 11.3.1;
					};
				};
			};
			buildConfigurationList = FA24C5E1241C631600C86FBC /* Build configuration list for PBXProject "ImageDetectionCoreMLLiveStream" */;
			compatibilityVersion = "Xcode 9.3";
			developmentRegion = en;
			hasScannedForEncodings = 0;
			knownRegions = (
				en,
				Base,
			);
			mainGroup = FA24C5DD241C631600C86FBC;
			productRefGroup = FA24C5E7241C631600C86FBC /* Products */;
			projectDirPath = "";
			projectRoot = "";
			targets = (
				FA24C5E5241C631600C86FBC /* ImageDetectionCoreMLLiveStream */,
			);
		};
/* End PBXProject section */

/* Begin PBXResourcesBuildPhase section */
		FA24C5E4241C631600C86FBC /* Resources */ = {
			isa = PBXResourcesBuildPhase;
			buildActionMask = 2147483647;
			files = (
				FA24C5F6241C631800C86FBC /* LaunchScreen.storyboard in Resources */,
				FA24C5F3241C631800C86FBC /* Assets.xcassets in Resources */,
				FA24C5F1241C631600C86FBC /* Main.storyboard in Resources */,
			);
			runOnlyForDeploymentPostprocessing = 0;
		};
/* End PBXResourcesBuildPhase section */

/* Begin PBXSourcesBuildPhase section */
		FA24C5E2241C631600C86FBC /* Sources */ = {
			isa = PBXSourcesBuildPhase;
			buildActionMask = 2147483647;
			files = (
				FA24C5EE241C631600C86FBC /* ViewController.swift in Sources */,
				FA24C5FE241C67CD00C86FBC /* Inceptionv3.mlmodel in Sources */,
				FA24C5EA241C631600C86FBC /* AppDelegate.swift in Sources */,
				FA24C5EC241C631600C86FBC /* SceneDelegate.swift in Sources */,
			);
			runOnlyForDeploymentPostprocessing = 0;
		};
/* End PBXSourcesBuildPhase section */

/* Begin PBXVariantGroup section */
		FA24C5EF241C631600C86FBC /* Main.storyboard */ = {
			isa = PBXVariantGroup;
			children = (
				FA24C5F0241C631600C86FBC /* Base */,
			);
			name = Main.storyboard;
			sourceTree = "<group>";
		};
		FA24C5F4241C631800C86FBC /* LaunchScreen.storyboard */ = {
			isa = PBXVariantGroup;
			children = (
				FA24C5F5241C631800C86FBC /* Base */,
			);
			name = LaunchScreen.storyboard;
			sourceTree = "<group>";
		};
/* End PBXVariantGroup section */

/* Begin XCBuildConfiguration section */
		FA24C5F8241C631800C86FBC /* Debug */ = {
			isa = XCBuildConfiguration;
			buildSettings = {
				ALWAYS_SEARCH_USER_PATHS = NO;
				CLANG_ANALYZER_NONNULL = YES;
				CLANG_ANALYZER_NUMBER_OBJECT_CONVERSION = YES_AGGRESSIVE;
				CLANG_CXX_LANGUAGE_STANDARD = "gnu++14";
				CLANG_CXX_LIBRARY = "libc++";
				CLANG_ENABLE_MODULES = YES;
				CLANG_ENABLE_OBJC_ARC = YES;
				CLANG_ENABLE_OBJC_WEAK = YES;
				CLANG_WARN_BLOCK_CAPTURE_AUTORELEASING = YES;
				CLANG_WARN_BOOL_CONVERSION = YES;
				CLANG_WARN_COMMA = YES;
				CLANG_WARN_CONSTANT_CONVERSION = YES;
				CLANG_WARN_DEPRECATED_OBJC_IMPLEMENTATIONS = YES;
				CLANG_WARN_DIRECT_OBJC_ISA_USAGE = YES_ERROR;
				CLANG_WARN_DOCUMENTATION_COMMENTS = YES;
				CLANG_WARN_EMPTY_BODY = YES;
				CLANG_WARN_ENUM_CONVERSION = YES;
				CLANG_WARN_INFINITE_RECURSION = YES;
				CLANG_WARN_INT_CONVERSION = YES;
				CLANG_WARN_NON_LITERAL_NULL_CONVERSION = YES;
				CLANG_WARN_OBJC_IMPLICIT_RETAIN_SELF = YES;
				CLANG_WARN_OBJC_LITERAL_CONVERSION = YES;
				CLANG_WARN_OBJC_ROOT_CLASS = YES_ERROR;
				CLANG_WARN_RANGE_LOOP_ANALYSIS = YES;
				CLANG_WARN_STRICT_PROTOTYPES = YES;
				CLANG_WARN_SUSPICIOUS_MOVE = YES;
				CLANG_WARN_UNGUARDED_AVAILABILITY = YES_AGGRESSIVE;
				CLANG_WARN_UNREACHABLE_CODE = YES;
				CLANG_WARN__DUPLICATE_METHOD_MATCH = YES;
				COPY_PHASE_STRIP = NO;
				DEBUG_INFORMATION_FORMAT = dwarf;
				ENABLE_STRICT_OBJC_MSGSEND = YES;
				ENABLE_TESTABILITY = YES;
				GCC_C_LANGUAGE_STANDARD = gnu11;
				GCC_DYNAMIC_NO_PIC = NO;
				GCC_NO_COMMON_BLOCKS = YES;
				GCC_OPTIMIZATION_LEVEL = 0;
				GCC_PREPROCESSOR_DEFINITIONS = (
					"DEBUG=1",
					"$(inherited)",
				);
				GCC_WARN_64_TO_32_BIT_CONVERSION = YES;
				GCC_WARN_ABOUT_RETURN_TYPE = YES_ERROR;
				GCC_WARN_UNDECLARED_SELECTOR = YES;
				GCC_WARN_UNINITIALIZED_AUTOS = YES_AGGRESSIVE;
				GCC_WARN_UNUSED_FUNCTION = YES;
				GCC_WARN_UNUSED_VARIABLE = YES;
				IPHONEOS_DEPLOYMENT_TARGET = 13.2;
				MTL_ENABLE_DEBUG_INFO = INCLUDE_SOURCE;
				MTL_FAST_MATH = YES;
				ONLY_ACTIVE_ARCH = YES;
				SDKROOT = iphoneos;
				SWIFT_ACTIVE_COMPILATION_CONDITIONS = DEBUG;
				SWIFT_OPTIMIZATION_LEVEL = "-Onone";
			};
			name = Debug;
		};
		FA24C5F9241C631800C86FBC /* Release */ = {
			isa = XCBuildConfiguration;
			buildSettings = {
				ALWAYS_SEARCH_USER_PATHS = NO;
				CLANG_ANALYZER_NONNULL = YES;
				CLANG_ANALYZER_NUMBER_OBJECT_CONVERSION = YES_AGGRESSIVE;
				CLANG_CXX_LANGUAGE_STANDARD = "gnu++14";
				CLANG_CXX_LIBRARY = "libc++";
				CLANG_ENABLE_MODULES = YES;
				CLANG_ENABLE_OBJC_ARC = YES;
				CLANG_ENABLE_OBJC_WEAK = YES;
				CLANG_WARN_BLOCK_CAPTURE_AUTORELEASING = YES;
				CLANG_WARN_BOOL_CONVERSION = YES;
				CLANG_WARN_COMMA = YES;
				CLANG_WARN_CONSTANT_CONVERSION = YES;
				CLANG_WARN_DEPRECATED_OBJC_IMPLEMENTATIONS = YES;
				CLANG_WARN_DIRECT_OBJC_ISA_USAGE = YES_ERROR;
				CLANG_WARN_DOCUMENTATION_COMMENTS = YES;
				CLANG_WARN_EMPTY_BODY = YES;
				CLANG_WARN_ENUM_CONVERSION = YES;
				CLANG_WARN_INFINITE_RECURSION = YES;
				CLANG_WARN_INT_CONVERSION = YES;
				CLANG_WARN_NON_LITERAL_NULL_CONVERSION = YES;
				CLANG_WARN_OBJC_IMPLICIT_RETAIN_SELF = YES;
				CLANG_WARN_OBJC_LITERAL_CONVERSION = YES;
				CLANG_WARN_OBJC_ROOT_CLASS = YES_ERROR;
				CLANG_WARN_RANGE_LOOP_ANALYSIS = YES;
				CLANG_WARN_STRICT_PROTOTYPES = YES;
				CLANG_WARN_SUSPICIOUS_MOVE = YES;
				CLANG_WARN_UNGUARDED_AVAILABILITY = YES_AGGRESSIVE;
				CLANG_WARN_UNREACHABLE_CODE = YES;
				CLANG_WARN__DUPLICATE_METHOD_MATCH = YES;
				COPY_PHASE_STRIP = NO;
				DEBUG_INFORMATION_FORMAT = "dwarf-with-dsym";
				ENABLE_NS_ASSERTIONS = NO;
				ENABLE_STRICT_OBJC_MSGSEND = YES;
				GCC_C_LANGUAGE_STANDARD = gnu11;
				GCC_NO_COMMON_BLOCKS = YES;
				GCC_WARN_64_TO_32_BIT_CONVERSION = YES;
				GCC_WARN_ABOUT_RETURN_TYPE = YES_ERROR;
				GCC_WARN_UNDECLARED_SELECTOR = YES;
				GCC_WARN_UNINITIALIZED_AUTOS = YES_AGGRESSIVE;
				GCC_WARN_UNUSED_FUNCTION = YES;
				GCC_WARN_UNUSED_VARIABLE = YES;
				IPHONEOS_DEPLOYMENT_TARGET = 13.2;
				MTL_ENABLE_DEBUG_INFO = NO;
				MTL_FAST_MATH = YES;
				SDKROOT = iphoneos;
				SWIFT_COMPILATION_MODE = wholemodule;
				SWIFT_OPTIMIZATION_LEVEL = "-O";
				VALIDATE_PRODUCT = YES;
			};
			name = Release;
		};
		FA24C5FB241C631800C86FBC /* Debug */ = {
			isa = XCBuildConfiguration;
			buildSettings = {
				ASSETCATALOG_COMPILER_APPICON_NAME = AppIcon;
				CODE_SIGN_STYLE = Automatic;
				DEVELOPMENT_TEAM = GA978N825M;
				INFOPLIST_FILE = ImageDetectionCoreMLLiveStream/Info.plist;
				LD_RUNPATH_SEARCH_PATHS = (
					"$(inherited)",
					"@executable_path/Frameworks",
				);
				PRODUCT_BUNDLE_IDENTIFIER = com.konradgnat.ImageDetectionCoreMLLiveStream;
				PRODUCT_NAME = "$(TARGET_NAME)";
				SWIFT_VERSION = 5.0;
				TARGETED_DEVICE_FAMILY = "1,2";
			};
			name = Debug;
		};
		FA24C5FC241C631800C86FBC /* Release */ = {
			isa = XCBuildConfiguration;
			buildSettings = {
				ASSETCATALOG_COMPILER_APPICON_NAME = AppIcon;
				CODE_SIGN_STYLE = Automatic;
				DEVELOPMENT_TEAM = GA978N825M;
				INFOPLIST_FILE = ImageDetectionCoreMLLiveStream/Info.plist;
				LD_RUNPATH_SEARCH_PATHS = (
					"$(inherited)",
					"@executable_path/Frameworks",
				);
				PRODUCT_BUNDLE_IDENTIFIER = com.konradgnat.ImageDetectionCoreMLLiveStream;
				PRODUCT_NAME = "$(TARGET_NAME)";
				SWIFT_VERSION = 5.0;
				TARGETED_DEVICE_FAMILY = "1,2";
			};
			name = Release;
		};
/* End XCBuildConfiguration section */

/* Begin XCConfigurationList section */
		FA24C5E1241C631600C86FBC /* Build configuration list for PBXProject "ImageDetectionCoreMLLiveStream" */ = {
			isa = XCConfigurationList;
			buildConfigurations = (
				FA24C5F8241C631800C86FBC /* Debug */,
				FA24C5F9241C631800C86FBC /* Release */,
			);
			defaultConfigurationIsVisible = 0;
			defaultConfigurationName = Release;
		};
		FA24C5FA241C631800C86FBC /* Build configuration list for PBXNativeTarget "ImageDetectionCoreMLLiveStream" */ = {
			isa = XCConfigurationList;
			buildConfigurations = (
				FA24C5FB241C631800C86FBC /* Debug */,
				FA24C5FC241C631800C86FBC /* Release */,
			);
			defaultConfigurationIsVisible = 0;
			defaultConfigurationName = Release;
		};
/* End XCConfigurationList section */
	};
	rootObject = FA24C5DE241C631600C86FBC /* Project object */;
}
